github.com/cenkalti/backoff/v4 v4.2.1 h1:y4OZtCnogmCPw98Zjyt5a6+QwPLGkiQsYW5oUqylYbM=
github.com/cenkalti/backoff/v4 v4.2.1/go.mod h1:Y3VNntkOUPxTVeUxJ/G5vcM//AlwfmyYozVcomhLiZE=
github.com/golang-jwt/jwt/v5 v5.2.0 h1:d/ix8ftRUorsN+5eMIlF4T6J8CAt9rch3My2winC1Jw=
github.com/golang-jwt/jwt/v5 v5.2.0/go.mod h1:pqrtFR0X4osieyHYxtmOUWsAWrfe1Q5UVIyoH402zdk=
github.com/google/go-cmp v0.6.0 h1:ofyhxvXcZhMsU5ulbFiLKl/XBFqE1GSq7atu8tAmTRI=
github.com/google/uuid v1.6.0 h1:NIvaJDMOsjHA8n1jAhLSgzrAzy1Hgr+hNrb57e+94F0=
github.com/google/uuid v1.6.0/go.mod h1:TIyPZe4MgqvfeYDBFedMoGGpEw/LqOeaOT+nhxU+yHo=
github.com/stackitcloud/stackit-sdk-go/core v0.9.0 h1:JLndaU+Wol1URA8wjvK9XAR6a6H+LxMLI4SdNIkR/qI=
github.com/stackitcloud/stackit-sdk-go/core v0.9.0/go.mod h1:9d+0ucc7kPTlZ9qPpPTSNgBi+op1vejmUgzXOw2d2Gg=
github.com/stackitcloud/stackit-sdk-go/services/objectstorage v0.8.5 h1:RbAorKhAoCPadWYp6tn6NZEWmafwfJvdNKW++SGc9Xo=
github.com/stackitcloud/stackit-sdk-go/services/objectstorage v0.8.5/go.mod h1:q6D+e173zF9ST5Nyj+StFlWTHjXutwCQ49mLBA1DrRA=
