github.com/golang-jwt/jwt/v5 v5.2.1 h1:OuVbFODueb089Lh128TAcimifWaLhJwVflnrgM17wHk=
github.com/golang-jwt/jwt/v5 v5.2.1/go.mod h1:pqrtFR0X4osieyHYxtmOUWsAWrfe1Q5UVIyoH402zdk=
github.com/google/go-cmp v0.7.0 h1:wk8382ETsv4JYUZwIsn6YpYiWiBsYLSJiTsyBybVuN8=
github.com/google/go-cmp v0.7.0/go.mod h1:pXiqmnSA92OHEEa9HXL2W4E7lf9JzCmGVUdgjX3N/iU=
github.com/google/uuid v1.6.0 h1:NIvaJDMOsjHA8n1jAhLSgzrAzy1Hgr+hNrb57e+94F0=
github.com/google/uuid v1.6.0/go.mod h1:TIyPZe4MgqvfeYDBFedMoGGpEw/LqOeaOT+nhxU+yHo=
github.com/stackitcloud/stackit-sdk-go/core v0.16.0 h1:9caGZwGLZDyBBe6ojk9VR4B2m3/0H5It6znBz76sH1w=
github.com/stackitcloud/stackit-sdk-go/core v0.16.0/go.mod h1:LRheSoXTFRHWAyA8Q9skWtWBp3ZZ+bFAKiKuf4lTDkE=
github.com/stackitcloud/stackit-sdk-go/services/serviceenablement v0.6.0 h1:bo5/c/J7ei8t5N2ZkJCLeHZ+BRG17WACisdUAQXmCtI=
github.com/stackitcloud/stackit-sdk-go/services/serviceenablement v0.6.0/go.mod h1:EMqjiq/72WKXSwnJGLpumUJS4Uwlyhg5vtNg7qWoGtc=
