github.com/golang-jwt/jwt/v5 v5.2.2 h1:Rl4B7itRWVtYIHFrSNd7vhTiz9UpLdi6gZhZ3wEeDy8=
github.com/golang-jwt/jwt/v5 v5.2.2/go.mod h1:pqrtFR0X4osieyHYxtmOUWsAWrfe1Q5UVIyoH402zdk=
github.com/google/go-cmp v0.7.0 h1:wk8382ETsv4JYUZwIsn6YpYiWiBsYLSJiTsyBybVuN8=
github.com/google/go-cmp v0.7.0/go.mod h1:pXiqmnSA92OHEEa9HXL2W4E7lf9JzCmGVUdgjX3N/iU=
github.com/google/uuid v1.6.0 h1:NIvaJDMOsjHA8n1jAhLSgzrAzy1Hgr+hNrb57e+94F0=
github.com/google/uuid v1.6.0/go.mod h1:TIyPZe4MgqvfeYDBFedMoGGpEw/LqOeaOT+nhxU+yHo=
github.com/stackitcloud/stackit-sdk-go/core v0.17.1 h1:TTrVoB1lERd/qfWzpe6HpwCJSjtaGnUI7UE7ITb5IT0=
github.com/stackitcloud/stackit-sdk-go/core v0.17.1/go.mod h1:8KIw3czdNJ9sdil9QQimxjR6vHjeINFrRv0iZ67wfn0=
github.com/stackitcloud/stackit-sdk-go/services/rabbitmq v0.23.0 h1:oaWgVHqRzBqS3zkDm4aIvX0zVyWIwlHxvch6qy/Tino=
github.com/stackitcloud/stackit-sdk-go/services/rabbitmq v0.23.0/go.mod h1:9JoCgKe2IKmawcuAYIuxrAMMb6pk5XiY80Z3sU7IWy0=
