github.com/golang-jwt/jwt/v5 v5.3.1 h1:kYf81DTWFe7t+1VvL7eS+jKFVWaUnK9cB1qbwn63YCY=
github.com/golang-jwt/jwt/v5 v5.3.1/go.mod h1:fxCRLWMO43lRc8nhHWY6LGqRcf+1gQWArsqaEUEa5bE=
github.com/google/go-cmp v0.7.0 h1:wk8382ETsv4JYUZwIsn6YpYiWiBsYLSJiTsyBybVuN8=
github.com/google/go-cmp v0.7.0/go.mod h1:pXiqmnSA92OHEEa9HXL2W4E7lf9JzCmGVUdgjX3N/iU=
github.com/google/uuid v1.6.0 h1:NIvaJDMOsjHA8n1jAhLSgzrAzy1Hgr+hNrb57e+94F0=
github.com/google/uuid v1.6.0/go.mod h1:TIyPZe4MgqvfeYDBFedMoGGpEw/LqOeaOT+nhxU+yHo=
github.com/stackitcloud/stackit-sdk-go/core v0.21.0 h1:QXZqiaO7U/4IpTkJfzt4dt6QxJzG2uUS12mBnHpYNik=
github.com/stackitcloud/stackit-sdk-go/core v0.21.0/go.mod h1:fqto7M82ynGhEnpZU6VkQKYWYoFG5goC076JWXTUPRQ=
github.com/stackitcloud/stackit-sdk-go/services/resourcemanager v0.18.3 h1:83W+OFFnun/8CreT0gxCHDgI7TfU5juU/hMs7kOmYFQ=
github.com/stackitcloud/stackit-sdk-go/services/resourcemanager v0.18.3/go.mod h1:C9fJVAR09G34tNwUlzV65TEug+F8QUru6REWHgPYasc=
