github.com/golang-jwt/jwt/v5 v5.3.0 h1:pv4AsKCKKZuqlgs5sUmn4x8UlGa0kEVt/puTpKx9vvo=
github.com/golang-jwt/jwt/v5 v5.3.0/go.mod h1:fxCRLWMO43lRc8nhHWY6LGqRcf+1gQWArsqaEUEa5bE=
github.com/google/go-cmp v0.7.0 h1:wk8382ETsv4JYUZwIsn6YpYiWiBsYLSJiTsyBybVuN8=
github.com/google/go-cmp v0.7.0/go.mod h1:pXiqmnSA92OHEEa9HXL2W4E7lf9JzCmGVUdgjX3N/iU=
github.com/google/uuid v1.6.0 h1:NIvaJDMOsjHA8n1jAhLSgzrAzy1Hgr+hNrb57e+94F0=
github.com/google/uuid v1.6.0/go.mod h1:TIyPZe4MgqvfeYDBFedMoGGpEw/LqOeaOT+nhxU+yHo=
github.com/stackitcloud/stackit-sdk-go/core v0.20.0 h1:4rrUk6uT1g4nOn5/g1uXukP07Tux/o5xbMz/f/qE1rY=
github.com/stackitcloud/stackit-sdk-go/core v0.20.0/go.mod h1:fqto7M82ynGhEnpZU6VkQKYWYoFG5goC076JWXTUPRQ=
github.com/stackitcloud/stackit-sdk-go/services/observability v0.15.0 h1:MA5i1ScjXLWe5CYeFCLHeZzNS1AH4mbx1kUyiVbxKjI=
github.com/stackitcloud/stackit-sdk-go/services/observability v0.15.0/go.mod h1:tJEOi6L0le4yQZPGwalup/PZ13gqs1aCQDqlUs2cYW0=
