github.com/golang-jwt/jwt/v5 v5.2.1 h1:OuVbFODueb089Lh128TAcimifWaLhJwVflnrgM17wHk=
github.com/golang-jwt/jwt/v5 v5.2.1/go.mod h1:pqrtFR0X4osieyHYxtmOUWsAWrfe1Q5UVIyoH402zdk=
github.com/google/go-cmp v0.6.0 h1:ofyhxvXcZhMsU5ulbFiLKl/XBFqE1GSq7atu8tAmTRI=
github.com/google/uuid v1.6.0 h1:NIvaJDMOsjHA8n1jAhLSgzrAzy1Hgr+hNrb57e+94F0=
github.com/google/uuid v1.6.0/go.mod h1:TIyPZe4MgqvfeYDBFedMoGGpEw/LqOeaOT+nhxU+yHo=
github.com/stackitcloud/stackit-sdk-go/core v0.10.1 h1:lzyualywD/2xIsYUHwlqCurG1OwlqCJVtJbOcPO6OzE=
github.com/stackitcloud/stackit-sdk-go/core v0.10.1/go.mod h1:mDX1mSTsB3mP+tNBGcFNx6gH1mGBN4T+dVt+lcw7nlw=
github.com/stackitcloud/stackit-sdk-go/services/dns v0.8.4 h1:n/X2pVdETDXGHk+vCsg0p3b2zGxSRMJ065to/aAoncg=
github.com/stackitcloud/stackit-sdk-go/services/dns v0.8.4/go.mod h1:PvgUVFLgELRADWk2epZdCryk0fs8b4DN47ghEJjNWhk=
github.com/stackitcloud/stackit-sdk-go/services/postgresql v0.12.1 h1:u2jNFPPLM2TlpM1qUu1UuG9XKx/EYPjwg2nJqAK1HUY=
github.com/stackitcloud/stackit-sdk-go/services/postgresql v0.12.1/go.mod h1:rTbdB/rl+e9o9sJNrT3yMIaSNVBGqR5G2Vh4opKrEwo=
