github.com/golang-jwt/jwt/v5 v5.2.2 h1:Rl4B7itRWVtYIHFrSNd7vhTiz9UpLdi6gZhZ3wEeDy8=
github.com/golang-jwt/jwt/v5 v5.2.2/go.mod h1:pqrtFR0X4osieyHYxtmOUWsAWrfe1Q5UVIyoH402zdk=
github.com/google/go-cmp v0.7.0 h1:wk8382ETsv4JYUZwIsn6YpYiWiBsYLSJiTsyBybVuN8=
github.com/google/go-cmp v0.7.0/go.mod h1:pXiqmnSA92OHEEa9HXL2W4E7lf9JzCmGVUdgjX3N/iU=
github.com/google/uuid v1.6.0 h1:NIvaJDMOsjHA8n1jAhLSgzrAzy1Hgr+hNrb57e+94F0=
github.com/google/uuid v1.6.0/go.mod h1:TIyPZe4MgqvfeYDBFedMoGGpEw/LqOeaOT+nhxU+yHo=
github.com/stackitcloud/stackit-sdk-go/core v0.16.2 h1:F8A4P/LLlQSbz0S0+G3m8rb3BUOK6EcR/CKx5UQY5jQ=
github.com/stackitcloud/stackit-sdk-go/core v0.16.2/go.mod h1:8KIw3czdNJ9sdil9QQimxjR6vHjeINFrRv0iZ67wfn0=
github.com/stackitcloud/stackit-sdk-go/services/dns v0.13.1 h1:W5zQhg/nA2RVSkUtRjsGcJMdYlOicoE5gBGE9zMT9Eo=
github.com/stackitcloud/stackit-sdk-go/services/dns v0.13.1/go.mod h1:+i7jQpfgj/OuZNVZ9A9aUHdVUR/j2SfICLeHbtNn+5c=
github.com/stackitcloud/stackit-sdk-go/services/postgresql v0.12.1 h1:u2jNFPPLM2TlpM1qUu1UuG9XKx/EYPjwg2nJqAK1HUY=
github.com/stackitcloud/stackit-sdk-go/services/postgresql v0.12.1/go.mod h1:rTbdB/rl+e9o9sJNrT3yMIaSNVBGqR5G2Vh4opKrEwo=
