github.com/golang-jwt/jwt/v5 v5.2.1 h1:OuVbFODueb089Lh128TAcimifWaLhJwVflnrgM17wHk=
github.com/golang-jwt/jwt/v5 v5.2.1/go.mod h1:pqrtFR0X4osieyHYxtmOUWsAWrfe1Q5UVIyoH402zdk=
github.com/google/go-cmp v0.6.0 h1:ofyhxvXcZhMsU5ulbFiLKl/XBFqE1GSq7atu8tAmTRI=
github.com/google/uuid v1.6.0 h1:NIvaJDMOsjHA8n1jAhLSgzrAzy1Hgr+hNrb57e+94F0=
github.com/google/uuid v1.6.0/go.mod h1:TIyPZe4MgqvfeYDBFedMoGGpEw/LqOeaOT+nhxU+yHo=
github.com/stackitcloud/stackit-sdk-go/core v0.12.0 h1:auIzUUNRuydKOScvpICP4MifGgvOajiDQd+ncGmBL0U=
github.com/stackitcloud/stackit-sdk-go/core v0.12.0/go.mod h1:mDX1mSTsB3mP+tNBGcFNx6gH1mGBN4T+dVt+lcw7nlw=
