github.com/golang-jwt/jwt/v5 v5.2.1 h1:OuVbFODueb089Lh128TAcimifWaLhJwVflnrgM17wHk=
github.com/golang-jwt/jwt/v5 v5.2.1/go.mod h1:pqrtFR0X4osieyHYxtmOUWsAWrfe1Q5UVIyoH402zdk=
github.com/google/go-cmp v0.6.0 h1:ofyhxvXcZhMsU5ulbFiLKl/XBFqE1GSq7atu8tAmTRI=
github.com/google/uuid v1.6.0 h1:NIvaJDMOsjHA8n1jAhLSgzrAzy1Hgr+hNrb57e+94F0=
github.com/google/uuid v1.6.0/go.mod h1:TIyPZe4MgqvfeYDBFedMoGGpEw/LqOeaOT+nhxU+yHo=
github.com/stackitcloud/stackit-sdk-go/core v0.15.1 h1:hIj/k/JXEuYmud3VWo3lr7Cfj2hfl4gG9nUIzcaZ9pM=
github.com/stackitcloud/stackit-sdk-go/core v0.15.1/go.mod h1:mDX1mSTsB3mP+tNBGcFNx6gH1mGBN4T+dVt+lcw7nlw=
github.com/stackitcloud/stackit-sdk-go/services/resourcemanager v0.12.0 h1:uYWg/wovldLquCsHsdJUWyUF3Z1Yz4rR64WPfcfudmg=
github.com/stackitcloud/stackit-sdk-go/services/resourcemanager v0.12.0/go.mod h1:hLc1YDjcwnkkQntTMQ5pk1ZQyX6cuBZoaEe4lr8sppI=
