github.com/golang-jwt/jwt/v5 v5.2.2 h1:Rl4B7itRWVtYIHFrSNd7vhTiz9UpLdi6gZhZ3wEeDy8=
github.com/golang-jwt/jwt/v5 v5.2.2/go.mod h1:pqrtFR0X4osieyHYxtmOUWsAWrfe1Q5UVIyoH402zdk=
github.com/google/go-cmp v0.7.0 h1:wk8382ETsv4JYUZwIsn6YpYiWiBsYLSJiTsyBybVuN8=
github.com/google/go-cmp v0.7.0/go.mod h1:pXiqmnSA92OHEEa9HXL2W4E7lf9JzCmGVUdgjX3N/iU=
github.com/google/uuid v1.6.0 h1:NIvaJDMOsjHA8n1jAhLSgzrAzy1Hgr+hNrb57e+94F0=
github.com/google/uuid v1.6.0/go.mod h1:TIyPZe4MgqvfeYDBFedMoGGpEw/LqOeaOT+nhxU+yHo=
github.com/stackitcloud/stackit-sdk-go/core v0.16.0 h1:9caGZwGLZDyBBe6ojk9VR4B2m3/0H5It6znBz76sH1w=
github.com/stackitcloud/stackit-sdk-go/core v0.16.0/go.mod h1:LRheSoXTFRHWAyA8Q9skWtWBp3ZZ+bFAKiKuf4lTDkE=
github.com/stackitcloud/stackit-sdk-go/services/authorization v0.6.1 h1:2lq6SG8qOgPOx2OIA5Bca8mwRSlect3Yljk57bXqd5I=
github.com/stackitcloud/stackit-sdk-go/services/authorization v0.6.1/go.mod h1:in9kC4GIBU5DpzXKFDL7RDl0fKyvN/RUIc7YbyWYEUA=
